{
  "version": "4",
  "specifiers": {
    "jsr:@hono/hono@^4.6.8": "4.6.8",
    "jsr:@std/assert@^1.0.7": "1.0.7",
    "jsr:@std/fs@^1.0.5": "1.0.5",
    "jsr:@std/internal@^1.0.5": "1.0.5",
    "jsr:@std/path@^1.0.7": "1.0.8",
    "jsr:@std/path@^1.0.8": "1.0.8",
    "npm:chalk@5.3.0": "5.3.0",
    "npm:create-hono@*": "0.14.2",
    "npm:minecraft-assets@^1.12.2": "1.12.2",
    "npm:minecraft-data@^3.78.0": "3.78.0"
  },
  "jsr": {
    "@hono/hono@4.6.8": {
      "integrity": "4c92cb895360d93b7bc637c0c3f26449761b2bb160009c0387a37a1d457850f0"
    },
    "@std/assert@1.0.7": {
      "integrity": "64ce9fac879e0b9f3042a89b3c3f8ccfc9c984391af19e2087513a79d73e28c3",
      "dependencies": [
        "jsr:@std/internal"
      ]
    },
    "@std/fs@1.0.5": {
      "integrity": "41806ad6823d0b5f275f9849a2640d87e4ef67c51ee1b8fb02426f55e02fd44e",
      "dependencies": [
        "jsr:@std/path@^1.0.7"
      ]
    },
    "@std/internal@1.0.5": {
      "integrity": "54a546004f769c1ac9e025abd15a76b6671ddc9687e2313b67376125650dc7ba"
    },
    "@std/path@1.0.8": {
      "integrity": "548fa456bb6a04d3c1a1e7477986b6cffbce95102d0bb447c67c4ee70e0364be"
    }
  },
  "npm": {
    "chalk@5.3.0": {
      "integrity": "sha512-dLitG79d+GV1Nb/VYcCDFivJeK1hiukt9QjRNVOsUtTy1rR1YJsmpGGTZ3qJos+uw7WmWF4wUwBd9jxjocFC2w=="
    },
    "create-hono@0.14.2": {
      "integrity": "sha512-u/V4IKUxUKCb1oNIX13A4nP9aVeVYvWGcQ8wVK6AjSagR4gsjvo6F8SqqHa/maSKVOXnd7oSOQ4Q9QvpcurOsw=="
    },
    "minecraft-assets@1.12.2": {
      "integrity": "sha512-/eMxh3LNjCXOnU6KnQMjBM8dRnoJNpWIg7mD2m2RthraYiQK2FNzPWIKxWm2j3Ufcf5nzFXupgABledE86r4fQ=="
    },
    "minecraft-data@3.78.0": {
      "integrity": "sha512-Ssks8QD31lsoxqa7LySTqeP9romsfAbfsSGiUHiGMeqfxRi/PtOxGLyKD1BXB8V/tXLztFcbQYqzIhprDkPguw=="
    }
  },
  "workspace": {
    "dependencies": [
      "jsr:@std/assert@^1.0.7",
      "jsr:@std/fs@^1.0.5",
      "jsr:@std/path@^1.0.8",
      "npm:chalk@5.3.0"
    ],
    "members": {
      "api": {
        "dependencies": [
          "jsr:@hono/hono@^4.6.8"
        ]
      },
      "extractors": {
        "dependencies": [
          "npm:minecraft-assets@^1.12.2",
          "npm:minecraft-data@^3.78.0"
        ]
      }
    }
  }
}
